
Microsoft Visual Studio Solution File, Format Version 12.00
# Visual Studio Version 16
VisualStudioVersion = 16.0.28809.33
MinimumVisualStudioVersion = 10.0.40219.1
Project("{2150E333-8FDC-42A3-9474-1A3956D46DE8}") = "src", "src", "{F61461B4-9F9F-4770-9306-EF1F1D5F0F36}"
EndProject
Project("{2150E333-8FDC-42A3-9474-1A3956D46DE8}") = "test", "test", "{198D12EA-5838-49FE-9F94-6646B38E3C6A}"
EndProject
Project("{2150E333-8FDC-42A3-9474-1A3956D46DE8}") = "Unit", "Unit", "{D4F386EC-0662-455B-B321-750DB10C2050}"
EndProject
Project("{2150E333-8FDC-42A3-9474-1A3956D46DE8}") = "Integration", "Integration", "{86443C3E-ABEA-4104-A845-BB8D12CCA358}"
EndProject
Project("{9A19103F-16F7-4668-BE54-9A1E7A4F7556}") = "SC.DevChallenge.Api", "src\SC.DevChallenge.Api\SC.DevChallenge.Api.csproj", "{2B3CB263-AC83-4854-B363-F706AF60176A}"
EndProject
Project("{9A19103F-16F7-4668-BE54-9A1E7A4F7556}") = "SC.DevChallenge.Configuration", "src\SC.DevChallenge.Configuration\SC.DevChallenge.Configuration.csproj", "{DED0EF94-D0F7-4C24-A81B-CC2EA95D4DF7}"
EndProject
Project("{9A19103F-16F7-4668-BE54-9A1E7A4F7556}") = "SC.DevChallenge.Configuration.Abstractions", "src\SC.DevChallenge.Configuration.Abstractions\SC.DevChallenge.Configuration.Abstractions.csproj", "{F5F60E9F-5F63-4634-AD23-B1593A0C7F86}"
EndProject
Project("{9A19103F-16F7-4668-BE54-9A1E7A4F7556}") = "SC.DevChallenge.MediatR.Behaviors", "src\SC.DevChallenge.MediatR.Behaviors\SC.DevChallenge.MediatR.Behaviors.csproj", "{3B651B5E-810D-4B9E-94A5-015146CE5BEF}"
EndProject
Project("{9A19103F-16F7-4668-BE54-9A1E7A4F7556}") = "SC.DevChallenge.MediatR.Queries", "src\SC.DevChallenge.MediatR.Queries\SC.DevChallenge.MediatR.Queries.csproj", "{B85F82FF-34F5-4F56-B45F-1BDF93ACFF67}"
EndProject
Project("{9A19103F-16F7-4668-BE54-9A1E7A4F7556}") = "SC.DevChallenge.DataAccess.Abstractions", "src\SC.DevChallenge.DataAccess.Abstractions\SC.DevChallenge.DataAccess.Abstractions.csproj", "{6CA3DAD0-864D-4DBA-BDFB-426427863BF1}"
EndProject
Project("{9A19103F-16F7-4668-BE54-9A1E7A4F7556}") = "SC.DevChallenge.DataAccess.EF", "src\SC.DevChallenge.DataAccess.EF\SC.DevChallenge.DataAccess.EF.csproj", "{5CD693AF-A19B-4F5A-96DF-DE1260B24358}"
EndProject
Project("{9A19103F-16F7-4668-BE54-9A1E7A4F7556}") = "SC.DevChallenge.Dto", "src\SC.DevChallenge.Dto\SC.DevChallenge.Dto.csproj", "{EAA2708D-CA6B-42DE-8884-E11DBB03DA5F}"
EndProject
Project("{9A19103F-16F7-4668-BE54-9A1E7A4F7556}") = "SC.DevChallenge.Mapping", "src\SC.DevChallenge.Mapping\SC.DevChallenge.Mapping.csproj", "{3EB26EAB-599C-4362-83C2-DF7FEF4B2867}"
EndProject
Project("{9A19103F-16F7-4668-BE54-9A1E7A4F7556}") = "SC.DevChallenge.Mapping.Abstractions", "src\SC.DevChallenge.Mapping.Abstractions\SC.DevChallenge.Mapping.Abstractions.csproj", "{A0607454-CAE9-4AF2-9CB8-FF7AEEB33624}"
EndProject
Project("{9A19103F-16F7-4668-BE54-9A1E7A4F7556}") = "SC.DevChallenge.Api.Tests", "test\Unit\SC.DevChallenge.Api.Tests\SC.DevChallenge.Api.Tests.csproj", "{76D0E81D-20BD-4FE8-BB6F-A6A2FA430E76}"
EndProject
Project("{9A19103F-16F7-4668-BE54-9A1E7A4F7556}") = "SC.DevChallenge.Mapping.Tests", "test\Unit\SC.DevChallenge.Mapping.Tests\SC.DevChallenge.Mapping.Tests.csproj", "{2263EDFF-D96D-4B70-B9BA-37E47EA059E1}"
EndProject
Project("{9A19103F-16F7-4668-BE54-9A1E7A4F7556}") = "SC.DevChallenge.MediatR.Queries.Tests", "test\Unit\SC.DevChallenge.MediatR.Queries.Tests\SC.DevChallenge.MediatR.Queries.Tests.csproj", "{C8097EA6-8B3A-455C-BA50-FCB15B5F4260}"
EndProject
Project("{E53339B2-1760-4266-BCC7-CA923CBCF16C}") = "docker-compose", "docker-compose.dcproj", "{7D9C1347-358B-44D1-8F8C-B5E94A4B2B47}"
EndProject
Project("{9A19103F-16F7-4668-BE54-9A1E7A4F7556}") = "SC.DevChallenge.MediatR.Core", "src\SC.DevChallenge.MediatR.Core\SC.DevChallenge.MediatR.Core.csproj", "{86B02326-14D2-4017-8C5C-6E67017A5E73}"
EndProject
Project("{9A19103F-16F7-4668-BE54-9A1E7A4F7556}") = "SC.DevChallenge.ExceptionHandler", "src\SC.DevChallenge.ExceptionHandler\SC.DevChallenge.ExceptionHandler.csproj", "{5D8C98CB-C531-4BA3-A8B8-66C98DE6E8FC}"
EndProject
Project("{9A19103F-16F7-4668-BE54-9A1E7A4F7556}") = "SC.DevChallenge.Domain", "src\SC.DevChallenge.Domain\SC.DevChallenge.Domain.csproj", "{695C6768-0F2A-4137-A9DB-646B8B776D86}"
EndProject
Project("{9A19103F-16F7-4668-BE54-9A1E7A4F7556}") = "SC.DevChallenge.Domain.Tests", "test\Unit\SC.DevChallenge.Domain.Tests\SC.DevChallenge.Domain.Tests.csproj", "{91EC4731-5995-46E6-9364-1CC6DAFC7E87}"
EndProject
Project("{2150E333-8FDC-42A3-9474-1A3956D46DE8}") = "build", "build", "{1BEBDAE8-6929-4EE0-B515-6688FDD95431}"
EndProject
Project("{2150E333-8FDC-42A3-9474-1A3956D46DE8}") = "cake", "cake", "{ED4F9A26-9E3B-454A-A832-E4EFB4722867}"
	ProjectSection(SolutionItems) = preProject
		build\cake\build.cake = build\cake\build.cake
		build\cake\build.ps1 = build\cake\build.ps1
		build\cake\build.sh = build\cake\build.sh
		build\cake\cake.config = build\cake\cake.config
	EndProjectSection
EndProject
Project("{2150E333-8FDC-42A3-9474-1A3956D46DE8}") = "Tasks", "Tasks", "{C8885D30-6BCF-49BD-A1E5-DC4D83417BDE}"
	ProjectSection(SolutionItems) = preProject
		build\cake\Tasks\default.cake = build\cake\Tasks\default.cake
		build\cake\Tasks\run-integration-tests.cake = build\cake\Tasks\run-integration-tests.cake
		build\cake\Tasks\run-unit-tests.cake = build\cake\Tasks\run-unit-tests.cake
	EndProjectSection
EndProject
Project("{2150E333-8FDC-42A3-9474-1A3956D46DE8}") = "Utils", "Utils", "{1699E034-CA16-4EA2-931D-5969F44D326E}"
	ProjectSection(SolutionItems) = preProject
		build\cake\Utils\paths.cake = build\cake\Utils\paths.cake
	EndProjectSection
EndProject
Project("{2150E333-8FDC-42A3-9474-1A3956D46DE8}") = "Solution Items", "Solution Items", "{D2A8DB24-F5A8-454B-8B31-02E02FAA5B1B}"
	ProjectSection(SolutionItems) = preProject
		.editorconfig = .editorconfig
		Directory.Build.props = Directory.Build.props
		README.md = README.md
		ruleset = ruleset
	EndProjectSection
EndProject
Project("{9A19103F-16F7-4668-BE54-9A1E7A4F7556}") = "SC.DevChallenge.Api.Integration.Tests", "test\Integration\SC.DevChallenge.Api.Integration.Tests\SC.DevChallenge.Api.Integration.Tests.csproj", "{7F3655AF-1FE8-4AAC-A2C6-831DDCB2B32A}"
EndProject
Project("{9A19103F-16F7-4668-BE54-9A1E7A4F7556}") = "SC.DevChallenge.DataAccess.EF.Integration.Tests", "test\Integration\SC.DevChallenge.DataAccess.EF.Integration.Tests\SC.DevChallenge.DataAccess.EF.Integration.Tests.csproj", "{BA837379-612F-49D1-9F74-41068FB3DBC4}"
EndProject
Project("{9A19103F-16F7-4668-BE54-9A1E7A4F7556}") = "SC.DevChallenge.Specification.Abstractions", "src\SC.DevChallenge.Specification.Abstractions\SC.DevChallenge.Specification.Abstractions.csproj", "{338A5270-18D5-4FBE-944E-ED0ED4DFDA38}"
EndProject
Project("{9A19103F-16F7-4668-BE54-9A1E7A4F7556}") = "SC.DevChallenge.Specification", "src\SC.DevChallenge.Specification\SC.DevChallenge.Specification.csproj", "{B5C4EABD-9D76-4BC9-AE5F-4DC251932DFC}"
EndProject
Project("{9A19103F-16F7-4668-BE54-9A1E7A4F7556}") = "SC.DevChallenge.ExceptionHandler.Abstractions", "src\SC.DevChallenge.ExceptionHandler.Abstractions\SC.DevChallenge.ExceptionHandler.Abstractions.csproj", "{576724C1-176D-426C-A9EE-68A855C25BAF}"
EndProject
Global
	GlobalSection(SolutionConfigurationPlatforms) = preSolution
		Debug|Any CPU = Debug|Any CPU
		Release|Any CPU = Release|Any CPU
	EndGlobalSection
	GlobalSection(ProjectConfigurationPlatforms) = postSolution
		{2B3CB263-AC83-4854-B363-F706AF60176A}.Debug|Any CPU.ActiveCfg = Debug|Any CPU
		{2B3CB263-AC83-4854-B363-F706AF60176A}.Debug|Any CPU.Build.0 = Debug|Any CPU
		{2B3CB263-AC83-4854-B363-F706AF60176A}.Release|Any CPU.ActiveCfg = Release|Any CPU
		{2B3CB263-AC83-4854-B363-F706AF60176A}.Release|Any CPU.Build.0 = Release|Any CPU
		{DED0EF94-D0F7-4C24-A81B-CC2EA95D4DF7}.Debug|Any CPU.ActiveCfg = Debug|Any CPU
		{DED0EF94-D0F7-4C24-A81B-CC2EA95D4DF7}.Debug|Any CPU.Build.0 = Debug|Any CPU
		{DED0EF94-D0F7-4C24-A81B-CC2EA95D4DF7}.Release|Any CPU.ActiveCfg = Release|Any CPU
		{DED0EF94-D0F7-4C24-A81B-CC2EA95D4DF7}.Release|Any CPU.Build.0 = Release|Any CPU
		{F5F60E9F-5F63-4634-AD23-B1593A0C7F86}.Debug|Any CPU.ActiveCfg = Debug|Any CPU
		{F5F60E9F-5F63-4634-AD23-B1593A0C7F86}.Debug|Any CPU.Build.0 = Debug|Any CPU
		{F5F60E9F-5F63-4634-AD23-B1593A0C7F86}.Release|Any CPU.ActiveCfg = Release|Any CPU
		{F5F60E9F-5F63-4634-AD23-B1593A0C7F86}.Release|Any CPU.Build.0 = Release|Any CPU
		{3B651B5E-810D-4B9E-94A5-015146CE5BEF}.Debug|Any CPU.ActiveCfg = Debug|Any CPU
		{3B651B5E-810D-4B9E-94A5-015146CE5BEF}.Debug|Any CPU.Build.0 = Debug|Any CPU
		{3B651B5E-810D-4B9E-94A5-015146CE5BEF}.Release|Any CPU.ActiveCfg = Release|Any CPU
		{3B651B5E-810D-4B9E-94A5-015146CE5BEF}.Release|Any CPU.Build.0 = Release|Any CPU
		{B85F82FF-34F5-4F56-B45F-1BDF93ACFF67}.Debug|Any CPU.ActiveCfg = Debug|Any CPU
		{B85F82FF-34F5-4F56-B45F-1BDF93ACFF67}.Debug|Any CPU.Build.0 = Debug|Any CPU
		{B85F82FF-34F5-4F56-B45F-1BDF93ACFF67}.Release|Any CPU.ActiveCfg = Release|Any CPU
		{B85F82FF-34F5-4F56-B45F-1BDF93ACFF67}.Release|Any CPU.Build.0 = Release|Any CPU
		{6CA3DAD0-864D-4DBA-BDFB-426427863BF1}.Debug|Any CPU.ActiveCfg = Debug|Any CPU
		{6CA3DAD0-864D-4DBA-BDFB-426427863BF1}.Debug|Any CPU.Build.0 = Debug|Any CPU
		{6CA3DAD0-864D-4DBA-BDFB-426427863BF1}.Release|Any CPU.ActiveCfg = Release|Any CPU
		{6CA3DAD0-864D-4DBA-BDFB-426427863BF1}.Release|Any CPU.Build.0 = Release|Any CPU
		{5CD693AF-A19B-4F5A-96DF-DE1260B24358}.Debug|Any CPU.ActiveCfg = Debug|Any CPU
		{5CD693AF-A19B-4F5A-96DF-DE1260B24358}.Debug|Any CPU.Build.0 = Debug|Any CPU
		{5CD693AF-A19B-4F5A-96DF-DE1260B24358}.Release|Any CPU.ActiveCfg = Release|Any CPU
		{5CD693AF-A19B-4F5A-96DF-DE1260B24358}.Release|Any CPU.Build.0 = Release|Any CPU
		{EAA2708D-CA6B-42DE-8884-E11DBB03DA5F}.Debug|Any CPU.ActiveCfg = Debug|Any CPU
		{EAA2708D-CA6B-42DE-8884-E11DBB03DA5F}.Debug|Any CPU.Build.0 = Debug|Any CPU
		{EAA2708D-CA6B-42DE-8884-E11DBB03DA5F}.Release|Any CPU.ActiveCfg = Release|Any CPU
		{EAA2708D-CA6B-42DE-8884-E11DBB03DA5F}.Release|Any CPU.Build.0 = Release|Any CPU
		{3EB26EAB-599C-4362-83C2-DF7FEF4B2867}.Debug|Any CPU.ActiveCfg = Debug|Any CPU
		{3EB26EAB-599C-4362-83C2-DF7FEF4B2867}.Debug|Any CPU.Build.0 = Debug|Any CPU
		{3EB26EAB-599C-4362-83C2-DF7FEF4B2867}.Release|Any CPU.ActiveCfg = Release|Any CPU
		{3EB26EAB-599C-4362-83C2-DF7FEF4B2867}.Release|Any CPU.Build.0 = Release|Any CPU
		{A0607454-CAE9-4AF2-9CB8-FF7AEEB33624}.Debug|Any CPU.ActiveCfg = Debug|Any CPU
		{A0607454-CAE9-4AF2-9CB8-FF7AEEB33624}.Debug|Any CPU.Build.0 = Debug|Any CPU
		{A0607454-CAE9-4AF2-9CB8-FF7AEEB33624}.Release|Any CPU.ActiveCfg = Release|Any CPU
		{A0607454-CAE9-4AF2-9CB8-FF7AEEB33624}.Release|Any CPU.Build.0 = Release|Any CPU
		{76D0E81D-20BD-4FE8-BB6F-A6A2FA430E76}.Debug|Any CPU.ActiveCfg = Debug|Any CPU
		{76D0E81D-20BD-4FE8-BB6F-A6A2FA430E76}.Debug|Any CPU.Build.0 = Debug|Any CPU
		{76D0E81D-20BD-4FE8-BB6F-A6A2FA430E76}.Release|Any CPU.ActiveCfg = Release|Any CPU
		{76D0E81D-20BD-4FE8-BB6F-A6A2FA430E76}.Release|Any CPU.Build.0 = Release|Any CPU
		{2263EDFF-D96D-4B70-B9BA-37E47EA059E1}.Debug|Any CPU.ActiveCfg = Debug|Any CPU
		{2263EDFF-D96D-4B70-B9BA-37E47EA059E1}.Debug|Any CPU.Build.0 = Debug|Any CPU
		{2263EDFF-D96D-4B70-B9BA-37E47EA059E1}.Release|Any CPU.ActiveCfg = Release|Any CPU
		{2263EDFF-D96D-4B70-B9BA-37E47EA059E1}.Release|Any CPU.Build.0 = Release|Any CPU
		{C8097EA6-8B3A-455C-BA50-FCB15B5F4260}.Debug|Any CPU.ActiveCfg = Debug|Any CPU
		{C8097EA6-8B3A-455C-BA50-FCB15B5F4260}.Debug|Any CPU.Build.0 = Debug|Any CPU
		{C8097EA6-8B3A-455C-BA50-FCB15B5F4260}.Release|Any CPU.ActiveCfg = Release|Any CPU
		{C8097EA6-8B3A-455C-BA50-FCB15B5F4260}.Release|Any CPU.Build.0 = Release|Any CPU
		{7D9C1347-358B-44D1-8F8C-B5E94A4B2B47}.Debug|Any CPU.ActiveCfg = Debug|Any CPU
		{7D9C1347-358B-44D1-8F8C-B5E94A4B2B47}.Debug|Any CPU.Build.0 = Debug|Any CPU
		{7D9C1347-358B-44D1-8F8C-B5E94A4B2B47}.Release|Any CPU.ActiveCfg = Release|Any CPU
		{7D9C1347-358B-44D1-8F8C-B5E94A4B2B47}.Release|Any CPU.Build.0 = Release|Any CPU
		{86B02326-14D2-4017-8C5C-6E67017A5E73}.Debug|Any CPU.ActiveCfg = Debug|Any CPU
		{86B02326-14D2-4017-8C5C-6E67017A5E73}.Debug|Any CPU.Build.0 = Debug|Any CPU
		{86B02326-14D2-4017-8C5C-6E67017A5E73}.Release|Any CPU.ActiveCfg = Release|Any CPU
		{86B02326-14D2-4017-8C5C-6E67017A5E73}.Release|Any CPU.Build.0 = Release|Any CPU
		{5D8C98CB-C531-4BA3-A8B8-66C98DE6E8FC}.Debug|Any CPU.ActiveCfg = Debug|Any CPU
		{5D8C98CB-C531-4BA3-A8B8-66C98DE6E8FC}.Debug|Any CPU.Build.0 = Debug|Any CPU
		{5D8C98CB-C531-4BA3-A8B8-66C98DE6E8FC}.Release|Any CPU.ActiveCfg = Release|Any CPU
		{5D8C98CB-C531-4BA3-A8B8-66C98DE6E8FC}.Release|Any CPU.Build.0 = Release|Any CPU
		{695C6768-0F2A-4137-A9DB-646B8B776D86}.Debug|Any CPU.ActiveCfg = Debug|Any CPU
		{695C6768-0F2A-4137-A9DB-646B8B776D86}.Debug|Any CPU.Build.0 = Debug|Any CPU
		{695C6768-0F2A-4137-A9DB-646B8B776D86}.Release|Any CPU.ActiveCfg = Release|Any CPU
		{695C6768-0F2A-4137-A9DB-646B8B776D86}.Release|Any CPU.Build.0 = Release|Any CPU
		{91EC4731-5995-46E6-9364-1CC6DAFC7E87}.Debug|Any CPU.ActiveCfg = Debug|Any CPU
		{91EC4731-5995-46E6-9364-1CC6DAFC7E87}.Debug|Any CPU.Build.0 = Debug|Any CPU
		{91EC4731-5995-46E6-9364-1CC6DAFC7E87}.Release|Any CPU.ActiveCfg = Release|Any CPU
		{91EC4731-5995-46E6-9364-1CC6DAFC7E87}.Release|Any CPU.Build.0 = Release|Any CPU
		{7F3655AF-1FE8-4AAC-A2C6-831DDCB2B32A}.Debug|Any CPU.ActiveCfg = Debug|Any CPU
		{7F3655AF-1FE8-4AAC-A2C6-831DDCB2B32A}.Debug|Any CPU.Build.0 = Debug|Any CPU
		{7F3655AF-1FE8-4AAC-A2C6-831DDCB2B32A}.Release|Any CPU.ActiveCfg = Release|Any CPU
		{7F3655AF-1FE8-4AAC-A2C6-831DDCB2B32A}.Release|Any CPU.Build.0 = Release|Any CPU
		{BA837379-612F-49D1-9F74-41068FB3DBC4}.Debug|Any CPU.ActiveCfg = Debug|Any CPU
		{BA837379-612F-49D1-9F74-41068FB3DBC4}.Debug|Any CPU.Build.0 = Debug|Any CPU
		{BA837379-612F-49D1-9F74-41068FB3DBC4}.Release|Any CPU.ActiveCfg = Release|Any CPU
		{BA837379-612F-49D1-9F74-41068FB3DBC4}.Release|Any CPU.Build.0 = Release|Any CPU
		{338A5270-18D5-4FBE-944E-ED0ED4DFDA38}.Debug|Any CPU.ActiveCfg = Debug|Any CPU
		{338A5270-18D5-4FBE-944E-ED0ED4DFDA38}.Debug|Any CPU.Build.0 = Debug|Any CPU
		{338A5270-18D5-4FBE-944E-ED0ED4DFDA38}.Release|Any CPU.ActiveCfg = Release|Any CPU
		{338A5270-18D5-4FBE-944E-ED0ED4DFDA38}.Release|Any CPU.Build.0 = Release|Any CPU
		{B5C4EABD-9D76-4BC9-AE5F-4DC251932DFC}.Debug|Any CPU.ActiveCfg = Debug|Any CPU
		{B5C4EABD-9D76-4BC9-AE5F-4DC251932DFC}.Debug|Any CPU.Build.0 = Debug|Any CPU
		{B5C4EABD-9D76-4BC9-AE5F-4DC251932DFC}.Release|Any CPU.ActiveCfg = Release|Any CPU
		{B5C4EABD-9D76-4BC9-AE5F-4DC251932DFC}.Release|Any CPU.Build.0 = Release|Any CPU
		{576724C1-176D-426C-A9EE-68A855C25BAF}.Debug|Any CPU.ActiveCfg = Debug|Any CPU
		{576724C1-176D-426C-A9EE-68A855C25BAF}.Debug|Any CPU.Build.0 = Debug|Any CPU
		{576724C1-176D-426C-A9EE-68A855C25BAF}.Release|Any CPU.ActiveCfg = Release|Any CPU
		{576724C1-176D-426C-A9EE-68A855C25BAF}.Release|Any CPU.Build.0 = Release|Any CPU
	EndGlobalSection
	GlobalSection(SolutionProperties) = preSolution
		HideSolutionNode = FALSE
	EndGlobalSection
	GlobalSection(NestedProjects) = preSolution
		{D4F386EC-0662-455B-B321-750DB10C2050} = {198D12EA-5838-49FE-9F94-6646B38E3C6A}
		{86443C3E-ABEA-4104-A845-BB8D12CCA358} = {198D12EA-5838-49FE-9F94-6646B38E3C6A}
		{2B3CB263-AC83-4854-B363-F706AF60176A} = {F61461B4-9F9F-4770-9306-EF1F1D5F0F36}
		{DED0EF94-D0F7-4C24-A81B-CC2EA95D4DF7} = {F61461B4-9F9F-4770-9306-EF1F1D5F0F36}
		{F5F60E9F-5F63-4634-AD23-B1593A0C7F86} = {F61461B4-9F9F-4770-9306-EF1F1D5F0F36}
		{3B651B5E-810D-4B9E-94A5-015146CE5BEF} = {F61461B4-9F9F-4770-9306-EF1F1D5F0F36}
		{B85F82FF-34F5-4F56-B45F-1BDF93ACFF67} = {F61461B4-9F9F-4770-9306-EF1F1D5F0F36}
		{6CA3DAD0-864D-4DBA-BDFB-426427863BF1} = {F61461B4-9F9F-4770-9306-EF1F1D5F0F36}
		{5CD693AF-A19B-4F5A-96DF-DE1260B24358} = {F61461B4-9F9F-4770-9306-EF1F1D5F0F36}
		{EAA2708D-CA6B-42DE-8884-E11DBB03DA5F} = {F61461B4-9F9F-4770-9306-EF1F1D5F0F36}
		{3EB26EAB-599C-4362-83C2-DF7FEF4B2867} = {F61461B4-9F9F-4770-9306-EF1F1D5F0F36}
		{A0607454-CAE9-4AF2-9CB8-FF7AEEB33624} = {F61461B4-9F9F-4770-9306-EF1F1D5F0F36}
		{76D0E81D-20BD-4FE8-BB6F-A6A2FA430E76} = {D4F386EC-0662-455B-B321-750DB10C2050}
		{2263EDFF-D96D-4B70-B9BA-37E47EA059E1} = {D4F386EC-0662-455B-B321-750DB10C2050}
		{C8097EA6-8B3A-455C-BA50-FCB15B5F4260} = {D4F386EC-0662-455B-B321-750DB10C2050}
		{86B02326-14D2-4017-8C5C-6E67017A5E73} = {F61461B4-9F9F-4770-9306-EF1F1D5F0F36}
		{5D8C98CB-C531-4BA3-A8B8-66C98DE6E8FC} = {F61461B4-9F9F-4770-9306-EF1F1D5F0F36}
		{695C6768-0F2A-4137-A9DB-646B8B776D86} = {F61461B4-9F9F-4770-9306-EF1F1D5F0F36}
		{91EC4731-5995-46E6-9364-1CC6DAFC7E87} = {D4F386EC-0662-455B-B321-750DB10C2050}
		{ED4F9A26-9E3B-454A-A832-E4EFB4722867} = {1BEBDAE8-6929-4EE0-B515-6688FDD95431}
		{C8885D30-6BCF-49BD-A1E5-DC4D83417BDE} = {ED4F9A26-9E3B-454A-A832-E4EFB4722867}
		{1699E034-CA16-4EA2-931D-5969F44D326E} = {ED4F9A26-9E3B-454A-A832-E4EFB4722867}
		{7F3655AF-1FE8-4AAC-A2C6-831DDCB2B32A} = {86443C3E-ABEA-4104-A845-BB8D12CCA358}
		{BA837379-612F-49D1-9F74-41068FB3DBC4} = {86443C3E-ABEA-4104-A845-BB8D12CCA358}
		{338A5270-18D5-4FBE-944E-ED0ED4DFDA38} = {F61461B4-9F9F-4770-9306-EF1F1D5F0F36}
		{B5C4EABD-9D76-4BC9-AE5F-4DC251932DFC} = {F61461B4-9F9F-4770-9306-EF1F1D5F0F36}
		{576724C1-176D-426C-A9EE-68A855C25BAF} = {F61461B4-9F9F-4770-9306-EF1F1D5F0F36}
	EndGlobalSection
	GlobalSection(ExtensibilityGlobals) = postSolution
		SolutionGuid = {82E258BD-5EDF-49CB-B366-21EC140D1C18}
	EndGlobalSection
EndGlobal
