
Microsoft Visual Studio Solution File, Format Version 12.00
# Visual Studio Version 16
VisualStudioVersion = 16.0.28809.33
MinimumVisualStudioVersion = 10.0.40219.1
Project("{2150E333-8FDC-42A3-9474-1A3956D46DE8}") = "src", "src", "{F61461B4-9F9F-4770-9306-EF1F1D5F0F36}"
EndProject
Project("{2150E333-8FDC-42A3-9474-1A3956D46DE8}") = "test", "test", "{198D12EA-5838-49FE-9F94-6646B38E3C6A}"
EndProject
Project("{2150E333-8FDC-42A3-9474-1A3956D46DE8}") = "Unit", "Unit", "{D4F386EC-0662-455B-B321-750DB10C2050}"
EndProject
Project("{2150E333-8FDC-42A3-9474-1A3956D46DE8}") = "Integration", "Integration", "{86443C3E-ABEA-4104-A845-BB8D12CCA358}"
EndProject
Project("{9A19103F-16F7-4668-BE54-9A1E7A4F7556}") = "SC.DevChallenge.Api", "src\SC.DevChallenge.Api\SC.DevChallenge.Api.csproj", "{2B3CB263-AC83-4854-B363-F706AF60176A}"
EndProject
Project("{9A19103F-16F7-4668-BE54-9A1E7A4F7556}") = "SC.DevChallenge.DataAccess.Abstractions", "src\SC.DevChallenge.DataAccess.Abstractions\SC.DevChallenge.DataAccess.Abstractions.csproj", "{6CA3DAD0-864D-4DBA-BDFB-426427863BF1}"
EndProject
Project("{9A19103F-16F7-4668-BE54-9A1E7A4F7556}") = "SC.DevChallenge.DataAccess.EF", "src\SC.DevChallenge.DataAccess.EF\SC.DevChallenge.DataAccess.EF.csproj", "{5CD693AF-A19B-4F5A-96DF-DE1260B24358}"
EndProject
Project("{9A19103F-16F7-4668-BE54-9A1E7A4F7556}") = "SC.DevChallenge.Api.Tests", "test\Unit\SC.DevChallenge.Api.Tests\SC.DevChallenge.Api.Tests.csproj", "{76D0E81D-20BD-4FE8-BB6F-A6A2FA430E76}"
EndProject
Project("{E53339B2-1760-4266-BCC7-CA923CBCF16C}") = "docker-compose", "docker-compose.dcproj", "{7D9C1347-358B-44D1-8F8C-B5E94A4B2B47}"
EndProject
Project("{9A19103F-16F7-4668-BE54-9A1E7A4F7556}") = "SC.DevChallenge.MediatR.Core", "src\SC.DevChallenge.MediatR.Core\SC.DevChallenge.MediatR.Core.csproj", "{86B02326-14D2-4017-8C5C-6E67017A5E73}"
EndProject
Project("{9A19103F-16F7-4668-BE54-9A1E7A4F7556}") = "SC.DevChallenge.Domain", "src\SC.DevChallenge.Domain\SC.DevChallenge.Domain.csproj", "{695C6768-0F2A-4137-A9DB-646B8B776D86}"
EndProject
Project("{9A19103F-16F7-4668-BE54-9A1E7A4F7556}") = "SC.DevChallenge.Domain.Tests", "test\Unit\SC.DevChallenge.Domain.Tests\SC.DevChallenge.Domain.Tests.csproj", "{91EC4731-5995-46E6-9364-1CC6DAFC7E87}"
EndProject
Project("{2150E333-8FDC-42A3-9474-1A3956D46DE8}") = "Solution Items", "Solution Items", "{D2A8DB24-F5A8-454B-8B31-02E02FAA5B1B}"
	ProjectSection(SolutionItems) = preProject
		Directory.Build.props = Directory.Build.props
		README.md = README.md
	EndProjectSection
EndProject
Project("{9A19103F-16F7-4668-BE54-9A1E7A4F7556}") = "SC.DevChallenge.Api.Integration.Tests", "test\Integration\SC.DevChallenge.Api.Integration.Tests\SC.DevChallenge.Api.Integration.Tests.csproj", "{7F3655AF-1FE8-4AAC-A2C6-831DDCB2B32A}"
EndProject
Project("{9A19103F-16F7-4668-BE54-9A1E7A4F7556}") = "SC.DevChallenge.DataAccess.EF.Integration.Tests", "test\Integration\SC.DevChallenge.DataAccess.EF.Integration.Tests\SC.DevChallenge.DataAccess.EF.Integration.Tests.csproj", "{BA837379-612F-49D1-9F74-41068FB3DBC4}"
EndProject
Project("{9A19103F-16F7-4668-BE54-9A1E7A4F7556}") = "SC.DevChallenge.Queries", "src\SC.DevChallenge.Queries\SC.DevChallenge.Queries.csproj", "{3BB69E92-B4D1-4279-8AE0-CBCD46915B10}"
EndProject
Project("{FAE04EC0-301F-11D3-BF4B-00C04F79EFBC}") = "SC.DevChallenge.Queries.Tests", "test\Unit\SC.DevChallenge.Queries.Tests\SC.DevChallenge.Queries.Tests.csproj", "{258DD20E-0799-4B4B-9AF8-5107DBB88905}"
EndProject
Global
	GlobalSection(SolutionConfigurationPlatforms) = preSolution
		Debug|Any CPU = Debug|Any CPU
		Release|Any CPU = Release|Any CPU
	EndGlobalSection
	GlobalSection(ProjectConfigurationPlatforms) = postSolution
		{2B3CB263-AC83-4854-B363-F706AF60176A}.Debug|Any CPU.ActiveCfg = Debug|Any CPU
		{2B3CB263-AC83-4854-B363-F706AF60176A}.Debug|Any CPU.Build.0 = Debug|Any CPU
		{2B3CB263-AC83-4854-B363-F706AF60176A}.Release|Any CPU.ActiveCfg = Release|Any CPU
		{2B3CB263-AC83-4854-B363-F706AF60176A}.Release|Any CPU.Build.0 = Release|Any CPU
		{6CA3DAD0-864D-4DBA-BDFB-426427863BF1}.Debug|Any CPU.ActiveCfg = Debug|Any CPU
		{6CA3DAD0-864D-4DBA-BDFB-426427863BF1}.Debug|Any CPU.Build.0 = Debug|Any CPU
		{6CA3DAD0-864D-4DBA-BDFB-426427863BF1}.Release|Any CPU.ActiveCfg = Release|Any CPU
		{6CA3DAD0-864D-4DBA-BDFB-426427863BF1}.Release|Any CPU.Build.0 = Release|Any CPU
		{5CD693AF-A19B-4F5A-96DF-DE1260B24358}.Debug|Any CPU.ActiveCfg = Debug|Any CPU
		{5CD693AF-A19B-4F5A-96DF-DE1260B24358}.Debug|Any CPU.Build.0 = Debug|Any CPU
		{5CD693AF-A19B-4F5A-96DF-DE1260B24358}.Release|Any CPU.ActiveCfg = Release|Any CPU
		{5CD693AF-A19B-4F5A-96DF-DE1260B24358}.Release|Any CPU.Build.0 = Release|Any CPU
		{76D0E81D-20BD-4FE8-BB6F-A6A2FA430E76}.Debug|Any CPU.ActiveCfg = Debug|Any CPU
		{76D0E81D-20BD-4FE8-BB6F-A6A2FA430E76}.Debug|Any CPU.Build.0 = Debug|Any CPU
		{76D0E81D-20BD-4FE8-BB6F-A6A2FA430E76}.Release|Any CPU.ActiveCfg = Release|Any CPU
		{76D0E81D-20BD-4FE8-BB6F-A6A2FA430E76}.Release|Any CPU.Build.0 = Release|Any CPU
		{7D9C1347-358B-44D1-8F8C-B5E94A4B2B47}.Debug|Any CPU.ActiveCfg = Debug|Any CPU
		{7D9C1347-358B-44D1-8F8C-B5E94A4B2B47}.Debug|Any CPU.Build.0 = Debug|Any CPU
		{7D9C1347-358B-44D1-8F8C-B5E94A4B2B47}.Release|Any CPU.ActiveCfg = Release|Any CPU
		{7D9C1347-358B-44D1-8F8C-B5E94A4B2B47}.Release|Any CPU.Build.0 = Release|Any CPU
		{86B02326-14D2-4017-8C5C-6E67017A5E73}.Debug|Any CPU.ActiveCfg = Debug|Any CPU
		{86B02326-14D2-4017-8C5C-6E67017A5E73}.Debug|Any CPU.Build.0 = Debug|Any CPU
		{86B02326-14D2-4017-8C5C-6E67017A5E73}.Release|Any CPU.ActiveCfg = Release|Any CPU
		{86B02326-14D2-4017-8C5C-6E67017A5E73}.Release|Any CPU.Build.0 = Release|Any CPU
		{695C6768-0F2A-4137-A9DB-646B8B776D86}.Debug|Any CPU.ActiveCfg = Debug|Any CPU
		{695C6768-0F2A-4137-A9DB-646B8B776D86}.Debug|Any CPU.Build.0 = Debug|Any CPU
		{695C6768-0F2A-4137-A9DB-646B8B776D86}.Release|Any CPU.ActiveCfg = Release|Any CPU
		{695C6768-0F2A-4137-A9DB-646B8B776D86}.Release|Any CPU.Build.0 = Release|Any CPU
		{91EC4731-5995-46E6-9364-1CC6DAFC7E87}.Debug|Any CPU.ActiveCfg = Debug|Any CPU
		{91EC4731-5995-46E6-9364-1CC6DAFC7E87}.Debug|Any CPU.Build.0 = Debug|Any CPU
		{91EC4731-5995-46E6-9364-1CC6DAFC7E87}.Release|Any CPU.ActiveCfg = Release|Any CPU
		{91EC4731-5995-46E6-9364-1CC6DAFC7E87}.Release|Any CPU.Build.0 = Release|Any CPU
		{7F3655AF-1FE8-4AAC-A2C6-831DDCB2B32A}.Debug|Any CPU.ActiveCfg = Debug|Any CPU
		{7F3655AF-1FE8-4AAC-A2C6-831DDCB2B32A}.Debug|Any CPU.Build.0 = Debug|Any CPU
		{7F3655AF-1FE8-4AAC-A2C6-831DDCB2B32A}.Release|Any CPU.ActiveCfg = Release|Any CPU
		{7F3655AF-1FE8-4AAC-A2C6-831DDCB2B32A}.Release|Any CPU.Build.0 = Release|Any CPU
		{BA837379-612F-49D1-9F74-41068FB3DBC4}.Debug|Any CPU.ActiveCfg = Debug|Any CPU
		{BA837379-612F-49D1-9F74-41068FB3DBC4}.Debug|Any CPU.Build.0 = Debug|Any CPU
		{BA837379-612F-49D1-9F74-41068FB3DBC4}.Release|Any CPU.ActiveCfg = Release|Any CPU
		{BA837379-612F-49D1-9F74-41068FB3DBC4}.Release|Any CPU.Build.0 = Release|Any CPU
		{3BB69E92-B4D1-4279-8AE0-CBCD46915B10}.Debug|Any CPU.ActiveCfg = Debug|Any CPU
		{3BB69E92-B4D1-4279-8AE0-CBCD46915B10}.Debug|Any CPU.Build.0 = Debug|Any CPU
		{3BB69E92-B4D1-4279-8AE0-CBCD46915B10}.Release|Any CPU.ActiveCfg = Release|Any CPU
		{3BB69E92-B4D1-4279-8AE0-CBCD46915B10}.Release|Any CPU.Build.0 = Release|Any CPU
		{258DD20E-0799-4B4B-9AF8-5107DBB88905}.Debug|Any CPU.ActiveCfg = Debug|Any CPU
		{258DD20E-0799-4B4B-9AF8-5107DBB88905}.Debug|Any CPU.Build.0 = Debug|Any CPU
		{258DD20E-0799-4B4B-9AF8-5107DBB88905}.Release|Any CPU.ActiveCfg = Release|Any CPU
		{258DD20E-0799-4B4B-9AF8-5107DBB88905}.Release|Any CPU.Build.0 = Release|Any CPU
	EndGlobalSection
	GlobalSection(SolutionProperties) = preSolution
		HideSolutionNode = FALSE
	EndGlobalSection
	GlobalSection(NestedProjects) = preSolution
		{D4F386EC-0662-455B-B321-750DB10C2050} = {198D12EA-5838-49FE-9F94-6646B38E3C6A}
		{86443C3E-ABEA-4104-A845-BB8D12CCA358} = {198D12EA-5838-49FE-9F94-6646B38E3C6A}
		{2B3CB263-AC83-4854-B363-F706AF60176A} = {F61461B4-9F9F-4770-9306-EF1F1D5F0F36}
		{6CA3DAD0-864D-4DBA-BDFB-426427863BF1} = {F61461B4-9F9F-4770-9306-EF1F1D5F0F36}
		{5CD693AF-A19B-4F5A-96DF-DE1260B24358} = {F61461B4-9F9F-4770-9306-EF1F1D5F0F36}
		{76D0E81D-20BD-4FE8-BB6F-A6A2FA430E76} = {D4F386EC-0662-455B-B321-750DB10C2050}
		{86B02326-14D2-4017-8C5C-6E67017A5E73} = {F61461B4-9F9F-4770-9306-EF1F1D5F0F36}
		{695C6768-0F2A-4137-A9DB-646B8B776D86} = {F61461B4-9F9F-4770-9306-EF1F1D5F0F36}
		{91EC4731-5995-46E6-9364-1CC6DAFC7E87} = {D4F386EC-0662-455B-B321-750DB10C2050}
		{7F3655AF-1FE8-4AAC-A2C6-831DDCB2B32A} = {86443C3E-ABEA-4104-A845-BB8D12CCA358}
		{BA837379-612F-49D1-9F74-41068FB3DBC4} = {86443C3E-ABEA-4104-A845-BB8D12CCA358}
		{3BB69E92-B4D1-4279-8AE0-CBCD46915B10} = {F61461B4-9F9F-4770-9306-EF1F1D5F0F36}
		{258DD20E-0799-4B4B-9AF8-5107DBB88905} = {D4F386EC-0662-455B-B321-750DB10C2050}
	EndGlobalSection
	GlobalSection(ExtensibilityGlobals) = postSolution
		SolutionGuid = {82E258BD-5EDF-49CB-B366-21EC140D1C18}
	EndGlobalSection
EndGlobal
